
Microsoft Visual Studio Solution File, Format Version 12.00
# Visual Studio 15
VisualStudioVersion = 15.0.28307.102
MinimumVisualStudioVersion = 10.0.40219.1
Project("{FAE04EC0-301F-11D3-BF4B-00C04F79EFBC}") = "Invernify", "Invernify\Invernify.csproj", "{E094A345-E266-45D5-90C9-8628553A4B6D}"
EndProject
Global
	GlobalSection(SolutionConfigurationPlatforms) = preSolution
		Debug|Any CPU = Debug|Any CPU
		Release|Any CPU = Release|Any CPU
	EndGlobalSection
	GlobalSection(ProjectConfigurationPlatforms) = postSolution
		{E094A345-E266-45D5-90C9-8628553A4B6D}.Debug|Any CPU.ActiveCfg = Debug|Any CPU
		{E094A345-E266-45D5-90C9-8628553A4B6D}.Debug|Any CPU.Build.0 = Debug|Any CPU
		{E094A345-E266-45D5-90C9-8628553A4B6D}.Release|Any CPU.ActiveCfg = Release|Any CPU
		{E094A345-E266-45D5-90C9-8628553A4B6D}.Release|Any CPU.Build.0 = Release|Any CPU
	EndGlobalSection
	GlobalSection(SolutionProperties) = preSolution
		HideSolutionNode = FALSE
	EndGlobalSection
	GlobalSection(ExtensibilityGlobals) = postSolution
		SolutionGuid = {37E694EE-A0D5-464A-BF0C-A2D43E917569}
	EndGlobalSection
EndGlobal
